
Microsoft Visual Studio Solution File, Format Version 12.00
# Visual Studio 14
VisualStudioVersion = 14.0.23107.0
MinimumVisualStudioVersion = 10.0.40219.1
Project("{FAE04EC0-301F-11D3-BF4B-00C04F79EFBC}") = "FS.Platform.Server", "FS.Platform.Server\FS.Platform.Server.csproj", "{1E6217F1-E551-4CC8-9B5C-0464407101BD}"
EndProject
Project("{FAE04EC0-301F-11D3-BF4B-00C04F79EFBC}") = "FS.Cache", "FS.Cache\FS.Cache.csproj", "{C60489CF-A0FE-4F8E-8D7A-4A28C094E476}"
EndProject
Project("{FAE04EC0-301F-11D3-BF4B-00C04F79EFBC}") = "FS.Rest", "FS.Rest\FS.Rest.csproj", "{77BA8CD3-CF45-4108-BDDF-A689823FD6B0}"
EndProject
Project("{FAE04EC0-301F-11D3-BF4B-00C04F79EFBC}") = "FS.Platform.Application", "FS.Platform.Application\FS.Platform.Application.csproj", "{337AC52D-8A38-45DC-AE18-4FEB522505B1}"
EndProject
Project("{FAE04EC0-301F-11D3-BF4B-00C04F79EFBC}") = "FS.Configuration", "FS.Configuration\FS.Configuration.csproj", "{8B2505F2-5025-4C71-81FA-C90FDBAFC41C}"
EndProject
Project("{FAE04EC0-301F-11D3-BF4B-00C04F79EFBC}") = "FS.Database", "FS.Database\FS.Database.csproj", "{25BA2F1E-FE0E-48E4-B04D-C013DE1D52F8}"
EndProject
Project("{FAE04EC0-301F-11D3-BF4B-00C04F79EFBC}") = "FS.Log", "FS.Log\FS.Log.csproj", "{40615913-C809-42AC-9EFB-D989676040E9}"
EndProject
Project("{FAE04EC0-301F-11D3-BF4B-00C04F79EFBC}") = "FS.Message.Controller", "FS.Message.Controller\FS.Message.Controller.csproj", "{97431F09-10D2-4A1C-B75F-656366827D17}"
EndProject
Project("{FAE04EC0-301F-11D3-BF4B-00C04F79EFBC}") = "FS.Message.Receiption", "FS.Message.Receiption\FS.Message.Receiption.csproj", "{E8ACEF0A-2A2D-426D-A595-29DCBB03D38D}"
EndProject
Project("{FAE04EC0-301F-11D3-BF4B-00C04F79EFBC}") = "FS.Message.Structure", "FS.Message.Structure\FS.Message.Structure.csproj", "{7E15B82B-3E16-4563-8BAF-04FEBEBD9AF0}"
EndProject
Project("{FAE04EC0-301F-11D3-BF4B-00C04F79EFBC}") = "FS.Utility", "FS.Utility\FS.Utility.csproj", "{2E9994CB-704C-4019-8173-3510AB6D20A7}"
EndProject
Global
	GlobalSection(SolutionConfigurationPlatforms) = preSolution
		Debug|Any CPU = Debug|Any CPU
		Release|Any CPU = Release|Any CPU
	EndGlobalSection
	GlobalSection(ProjectConfigurationPlatforms) = postSolution
		{1E6217F1-E551-4CC8-9B5C-0464407101BD}.Debug|Any CPU.ActiveCfg = Debug|Any CPU
		{1E6217F1-E551-4CC8-9B5C-0464407101BD}.Debug|Any CPU.Build.0 = Debug|Any CPU
		{1E6217F1-E551-4CC8-9B5C-0464407101BD}.Release|Any CPU.ActiveCfg = Release|Any CPU
		{1E6217F1-E551-4CC8-9B5C-0464407101BD}.Release|Any CPU.Build.0 = Release|Any CPU
		{C60489CF-A0FE-4F8E-8D7A-4A28C094E476}.Debug|Any CPU.ActiveCfg = Debug|Any CPU
		{C60489CF-A0FE-4F8E-8D7A-4A28C094E476}.Debug|Any CPU.Build.0 = Debug|Any CPU
		{C60489CF-A0FE-4F8E-8D7A-4A28C094E476}.Release|Any CPU.ActiveCfg = Release|Any CPU
		{C60489CF-A0FE-4F8E-8D7A-4A28C094E476}.Release|Any CPU.Build.0 = Release|Any CPU
		{77BA8CD3-CF45-4108-BDDF-A689823FD6B0}.Debug|Any CPU.ActiveCfg = Debug|Any CPU
		{77BA8CD3-CF45-4108-BDDF-A689823FD6B0}.Debug|Any CPU.Build.0 = Debug|Any CPU
		{77BA8CD3-CF45-4108-BDDF-A689823FD6B0}.Release|Any CPU.ActiveCfg = Release|Any CPU
		{77BA8CD3-CF45-4108-BDDF-A689823FD6B0}.Release|Any CPU.Build.0 = Release|Any CPU
		{337AC52D-8A38-45DC-AE18-4FEB522505B1}.Debug|Any CPU.ActiveCfg = Debug|Any CPU
		{337AC52D-8A38-45DC-AE18-4FEB522505B1}.Debug|Any CPU.Build.0 = Debug|Any CPU
		{337AC52D-8A38-45DC-AE18-4FEB522505B1}.Release|Any CPU.ActiveCfg = Release|Any CPU
		{337AC52D-8A38-45DC-AE18-4FEB522505B1}.Release|Any CPU.Build.0 = Release|Any CPU
		{8B2505F2-5025-4C71-81FA-C90FDBAFC41C}.Debug|Any CPU.ActiveCfg = Debug|Any CPU
		{8B2505F2-5025-4C71-81FA-C90FDBAFC41C}.Debug|Any CPU.Build.0 = Debug|Any CPU
		{8B2505F2-5025-4C71-81FA-C90FDBAFC41C}.Release|Any CPU.ActiveCfg = Release|Any CPU
		{8B2505F2-5025-4C71-81FA-C90FDBAFC41C}.Release|Any CPU.Build.0 = Release|Any CPU
		{25BA2F1E-FE0E-48E4-B04D-C013DE1D52F8}.Debug|Any CPU.ActiveCfg = Debug|Any CPU
		{25BA2F1E-FE0E-48E4-B04D-C013DE1D52F8}.Debug|Any CPU.Build.0 = Debug|Any CPU
		{25BA2F1E-FE0E-48E4-B04D-C013DE1D52F8}.Release|Any CPU.ActiveCfg = Release|Any CPU
		{25BA2F1E-FE0E-48E4-B04D-C013DE1D52F8}.Release|Any CPU.Build.0 = Release|Any CPU
		{40615913-C809-42AC-9EFB-D989676040E9}.Debug|Any CPU.ActiveCfg = Debug|Any CPU
		{40615913-C809-42AC-9EFB-D989676040E9}.Debug|Any CPU.Build.0 = Debug|Any CPU
		{40615913-C809-42AC-9EFB-D989676040E9}.Release|Any CPU.ActiveCfg = Release|Any CPU
		{40615913-C809-42AC-9EFB-D989676040E9}.Release|Any CPU.Build.0 = Release|Any CPU
		{97431F09-10D2-4A1C-B75F-656366827D17}.Debug|Any CPU.ActiveCfg = Debug|Any CPU
		{97431F09-10D2-4A1C-B75F-656366827D17}.Debug|Any CPU.Build.0 = Debug|Any CPU
		{97431F09-10D2-4A1C-B75F-656366827D17}.Release|Any CPU.ActiveCfg = Release|Any CPU
		{97431F09-10D2-4A1C-B75F-656366827D17}.Release|Any CPU.Build.0 = Release|Any CPU
		{E8ACEF0A-2A2D-426D-A595-29DCBB03D38D}.Debug|Any CPU.ActiveCfg = Debug|Any CPU
		{E8ACEF0A-2A2D-426D-A595-29DCBB03D38D}.Debug|Any CPU.Build.0 = Debug|Any CPU
		{E8ACEF0A-2A2D-426D-A595-29DCBB03D38D}.Release|Any CPU.ActiveCfg = Release|Any CPU
		{E8ACEF0A-2A2D-426D-A595-29DCBB03D38D}.Release|Any CPU.Build.0 = Release|Any CPU
		{7E15B82B-3E16-4563-8BAF-04FEBEBD9AF0}.Debug|Any CPU.ActiveCfg = Debug|Any CPU
		{7E15B82B-3E16-4563-8BAF-04FEBEBD9AF0}.Debug|Any CPU.Build.0 = Debug|Any CPU
		{7E15B82B-3E16-4563-8BAF-04FEBEBD9AF0}.Release|Any CPU.ActiveCfg = Release|Any CPU
		{7E15B82B-3E16-4563-8BAF-04FEBEBD9AF0}.Release|Any CPU.Build.0 = Release|Any CPU
		{2E9994CB-704C-4019-8173-3510AB6D20A7}.Debug|Any CPU.ActiveCfg = Debug|Any CPU
		{2E9994CB-704C-4019-8173-3510AB6D20A7}.Debug|Any CPU.Build.0 = Debug|Any CPU
		{2E9994CB-704C-4019-8173-3510AB6D20A7}.Release|Any CPU.ActiveCfg = Release|Any CPU
		{2E9994CB-704C-4019-8173-3510AB6D20A7}.Release|Any CPU.Build.0 = Release|Any CPU
	EndGlobalSection
	GlobalSection(SolutionProperties) = preSolution
		HideSolutionNode = FALSE
	EndGlobalSection
EndGlobal
